
Microsoft Visual Studio Solution File, Format Version 12.00
# Visual Studio Version 16
VisualStudioVersion = 16.0.30611.23
MinimumVisualStudioVersion = 10.0.40219.1
Project("{FAE04EC0-301F-11D3-BF4B-00C04F79EFBC}") = "POO_FIGURES", "POO_FIGURES\POO_FIGURES.csproj", "{B0FE0073-78F0-4F60-8188-CAED74759F8A}"
EndProject
Global
	GlobalSection(SolutionConfigurationPlatforms) = preSolution
		Debug|Any CPU = Debug|Any CPU
		Release|Any CPU = Release|Any CPU
	EndGlobalSection
	GlobalSection(ProjectConfigurationPlatforms) = postSolution
		{B0FE0073-78F0-4F60-8188-CAED74759F8A}.Debug|Any CPU.ActiveCfg = Debug|Any CPU
		{B0FE0073-78F0-4F60-8188-CAED74759F8A}.Debug|Any CPU.Build.0 = Debug|Any CPU
		{B0FE0073-78F0-4F60-8188-CAED74759F8A}.Release|Any CPU.ActiveCfg = Release|Any CPU
		{B0FE0073-78F0-4F60-8188-CAED74759F8A}.Release|Any CPU.Build.0 = Release|Any CPU
	EndGlobalSection
	GlobalSection(SolutionProperties) = preSolution
		HideSolutionNode = FALSE
	EndGlobalSection
	GlobalSection(ExtensibilityGlobals) = postSolution
		SolutionGuid = {2ECAC5C1-71E2-47BC-9A8A-28C7267D0E43}
	EndGlobalSection
EndGlobal
