
Microsoft Visual Studio Solution File, Format Version 12.00
# Visual Studio Version 16
VisualStudioVersion = 16.0.30611.23
MinimumVisualStudioVersion = 10.0.40219.1
Project("{FAE04EC0-301F-11D3-BF4B-00C04F79EFBC}") = "POO_ANIMAIS", "POO_ANIMAIS\POO_ANIMAIS.csproj", "{BA20E085-352C-4A94-B37F-83E2EF116408}"
EndProject
Global
	GlobalSection(SolutionConfigurationPlatforms) = preSolution
		Debug|Any CPU = Debug|Any CPU
		Release|Any CPU = Release|Any CPU
	EndGlobalSection
	GlobalSection(ProjectConfigurationPlatforms) = postSolution
		{BA20E085-352C-4A94-B37F-83E2EF116408}.Debug|Any CPU.ActiveCfg = Debug|Any CPU
		{BA20E085-352C-4A94-B37F-83E2EF116408}.Debug|Any CPU.Build.0 = Debug|Any CPU
		{BA20E085-352C-4A94-B37F-83E2EF116408}.Release|Any CPU.ActiveCfg = Release|Any CPU
		{BA20E085-352C-4A94-B37F-83E2EF116408}.Release|Any CPU.Build.0 = Release|Any CPU
	EndGlobalSection
	GlobalSection(SolutionProperties) = preSolution
		HideSolutionNode = FALSE
	EndGlobalSection
	GlobalSection(ExtensibilityGlobals) = postSolution
		SolutionGuid = {D82AAF5E-1E16-4738-9A5A-4D578B5495AF}
	EndGlobalSection
EndGlobal
